
Microsoft Visual Studio Solution File, Format Version 12.00
# Visual Studio Version 17
VisualStudioVersion = 17.7.34024.191
MinimumVisualStudioVersion = 10.0.40219.1
Project("{8BC9CEB8-8B4A-11D0-8D11-00A0C91BC942}") = "Day1_Trebuchet", "Day1_Trebuchet\Day1_Trebuchet.vcxproj", "{DED81F91-1DDE-46D7-9DFA-2339406DFDC2}"
EndProject
Project("{8BC9CEB8-8B4A-11D0-8D11-00A0C91BC942}") = "Day2_Cube_Conundrum", "Day2_Cube_Conundrum\Day2_Cube_Conundrum.vcxproj", "{C9A06101-70CE-47D0-B550-1FC7C4C26BD5}"
EndProject
Project("{8BC9CEB8-8B4A-11D0-8D11-00A0C91BC942}") = "Day3_Gear_Ratios", "Day3_Gear_Ratios\Day3_Gear_Ratios.vcxproj", "{752C98B2-E633-42D9-8451-7B73EB2D4373}"
EndProject
Project("{8BC9CEB8-8B4A-11D0-8D11-00A0C91BC942}") = "Day4_Scratchcards", "Day4_Scratchcards\Day4_Scratchcards.vcxproj", "{D4C6A369-C38D-401E-AEB4-3888FE974868}"
EndProject
Global
	GlobalSection(SolutionConfigurationPlatforms) = preSolution
		Debug|x64 = Debug|x64
		Debug|x86 = Debug|x86
		Release|x64 = Release|x64
		Release|x86 = Release|x86
	EndGlobalSection
	GlobalSection(ProjectConfigurationPlatforms) = postSolution
		{DED81F91-1DDE-46D7-9DFA-2339406DFDC2}.Debug|x64.ActiveCfg = Debug|x64
		{DED81F91-1DDE-46D7-9DFA-2339406DFDC2}.Debug|x64.Build.0 = Debug|x64
		{DED81F91-1DDE-46D7-9DFA-2339406DFDC2}.Debug|x86.ActiveCfg = Debug|Win32
		{DED81F91-1DDE-46D7-9DFA-2339406DFDC2}.Debug|x86.Build.0 = Debug|Win32
		{DED81F91-1DDE-46D7-9DFA-2339406DFDC2}.Release|x64.ActiveCfg = Release|x64
		{DED81F91-1DDE-46D7-9DFA-2339406DFDC2}.Release|x64.Build.0 = Release|x64
		{DED81F91-1DDE-46D7-9DFA-2339406DFDC2}.Release|x86.ActiveCfg = Release|Win32
		{DED81F91-1DDE-46D7-9DFA-2339406DFDC2}.Release|x86.Build.0 = Release|Win32
		{C9A06101-70CE-47D0-B550-1FC7C4C26BD5}.Debug|x64.ActiveCfg = Debug|x64
		{C9A06101-70CE-47D0-B550-1FC7C4C26BD5}.Debug|x64.Build.0 = Debug|x64
		{C9A06101-70CE-47D0-B550-1FC7C4C26BD5}.Debug|x86.ActiveCfg = Debug|Win32
		{C9A06101-70CE-47D0-B550-1FC7C4C26BD5}.Debug|x86.Build.0 = Debug|Win32
		{C9A06101-70CE-47D0-B550-1FC7C4C26BD5}.Release|x64.ActiveCfg = Release|x64
		{C9A06101-70CE-47D0-B550-1FC7C4C26BD5}.Release|x64.Build.0 = Release|x64
		{C9A06101-70CE-47D0-B550-1FC7C4C26BD5}.Release|x86.ActiveCfg = Release|Win32
		{C9A06101-70CE-47D0-B550-1FC7C4C26BD5}.Release|x86.Build.0 = Release|Win32
		{752C98B2-E633-42D9-8451-7B73EB2D4373}.Debug|x64.ActiveCfg = Debug|x64
		{752C98B2-E633-42D9-8451-7B73EB2D4373}.Debug|x64.Build.0 = Debug|x64
		{752C98B2-E633-42D9-8451-7B73EB2D4373}.Debug|x86.ActiveCfg = Debug|Win32
		{752C98B2-E633-42D9-8451-7B73EB2D4373}.Debug|x86.Build.0 = Debug|Win32
		{752C98B2-E633-42D9-8451-7B73EB2D4373}.Release|x64.ActiveCfg = Release|x64
		{752C98B2-E633-42D9-8451-7B73EB2D4373}.Release|x64.Build.0 = Release|x64
		{752C98B2-E633-42D9-8451-7B73EB2D4373}.Release|x86.ActiveCfg = Release|Win32
		{752C98B2-E633-42D9-8451-7B73EB2D4373}.Release|x86.Build.0 = Release|Win32
		{D4C6A369-C38D-401E-AEB4-3888FE974868}.Debug|x64.ActiveCfg = Debug|x64
		{D4C6A369-C38D-401E-AEB4-3888FE974868}.Debug|x64.Build.0 = Debug|x64
		{D4C6A369-C38D-401E-AEB4-3888FE974868}.Debug|x86.ActiveCfg = Debug|Win32
		{D4C6A369-C38D-401E-AEB4-3888FE974868}.Debug|x86.Build.0 = Debug|Win32
		{D4C6A369-C38D-401E-AEB4-3888FE974868}.Release|x64.ActiveCfg = Release|x64
		{D4C6A369-C38D-401E-AEB4-3888FE974868}.Release|x64.Build.0 = Release|x64
		{D4C6A369-C38D-401E-AEB4-3888FE974868}.Release|x86.ActiveCfg = Release|Win32
		{D4C6A369-C38D-401E-AEB4-3888FE974868}.Release|x86.Build.0 = Release|Win32
	EndGlobalSection
	GlobalSection(SolutionProperties) = preSolution
		HideSolutionNode = FALSE
	EndGlobalSection
	GlobalSection(ExtensibilityGlobals) = postSolution
		SolutionGuid = {8E6927B1-9B30-40BB-A480-DDA3E9786236}
	EndGlobalSection
EndGlobal
